
Microsoft Visual Studio Solution File, Format Version 12.00
# Visual Studio 14
VisualStudioVersion = 14.0.25420.1
MinimumVisualStudioVersion = 10.0.40219.1
Project("{FAE04EC0-301F-11D3-BF4B-00C04F79EFBC}") = "WindowsFormsApplication1", "WindowsFormsApplication1\WindowsFormsApplication1.csproj", "{E32D9BA0-1F0C-4C4F-8D1D-E8A505767559}"
EndProject
Global
	GlobalSection(SolutionConfigurationPlatforms) = preSolution
		Debug|Any CPU = Debug|Any CPU
		Release|Any CPU = Release|Any CPU
	EndGlobalSection
	GlobalSection(ProjectConfigurationPlatforms) = postSolution
		{E32D9BA0-1F0C-4C4F-8D1D-E8A505767559}.Debug|Any CPU.ActiveCfg = Debug|Any CPU
		{E32D9BA0-1F0C-4C4F-8D1D-E8A505767559}.Debug|Any CPU.Build.0 = Debug|Any CPU
		{E32D9BA0-1F0C-4C4F-8D1D-E8A505767559}.Release|Any CPU.ActiveCfg = Release|Any CPU
		{E32D9BA0-1F0C-4C4F-8D1D-E8A505767559}.Release|Any CPU.Build.0 = Release|Any CPU
	EndGlobalSection
	GlobalSection(SolutionProperties) = preSolution
		HideSolutionNode = FALSE
	EndGlobalSection
EndGlobal
